// !$*UTF8*$!
{
	archiveVersion = 1;
	classes = {
	};
	objectVersion = 52;
	objects = {

/* Begin PBXBuildFile section */
		019941C4233606F70045FDE9 /* AppDelegate.swift in Sources */ = {isa = PBXBuildFile; fileRef = 019941C3233606F70045FDE9 /* AppDelegate.swift */; };
		019941C6233606F70045FDE9 /* ContentView.swift in Sources */ = {isa = PBXBuildFile; fileRef = 019941C5233606F70045FDE9 /* ContentView.swift */; };
		019941C8233606F90045FDE9 /* Assets.xcassets in Resources */ = {isa = PBXBuildFile; fileRef = 019941C7233606F90045FDE9 /* Assets.xcassets */; };
		019941CB233606F90045FDE9 /* Preview Assets.xcassets in Resources */ = {isa = PBXBuildFile; fileRef = 019941CA233606F90045FDE9 /* Preview Assets.xcassets */; };
		019941CE233606F90045FDE9 /* Main.storyboard in Resources */ = {isa = PBXBuildFile; fileRef = 019941CC233606F90045FDE9 /* Main.storyboard */; };
		019941D8233608560045FDE9 /* AppUpdater in Frameworks */ = {isa = PBXBuildFile; productRef = 019941D7233608560045FDE9 /* AppUpdater */; };
/* End PBXBuildFile section */

/* Begin PBXFileReference section */
		019941C0233606F70045FDE9 /* AppUpdaterTest.app */ = {isa = PBXFileReference; explicitFileType = wrapper.application; includeInIndex = 0; path = AppUpdaterTest.app; sourceTree = BUILT_PRODUCTS_DIR; };
		019941C3233606F70045FDE9 /* AppDelegate.swift */ = {isa = PBXFileReference; lastKnownFileType = sourcecode.swift; path = AppDelegate.swift; sourceTree = "<group>"; };
		019941C5233606F70045FDE9 /* ContentView.swift */ = {isa = PBXFileReference; lastKnownFileType = sourcecode.swift; path = ContentView.swift; sourceTree = "<group>"; };
		019941C7233606F90045FDE9 /* Assets.xcassets */ = {isa = PBXFileReference; lastKnownFileType = folder.assetcatalog; path = Assets.xcassets; sourceTree = "<group>"; };
		019941CA233606F90045FDE9 /* Preview Assets.xcassets */ = {isa = PBXFileReference; lastKnownFileType = folder.assetcatalog; path = "Preview Assets.xcassets"; sourceTree = "<group>"; };
		019941CD233606F90045FDE9 /* Base */ = {isa = PBXFileReference; lastKnownFileType = file.storyboard; name = Base; path = Base.lproj/Main.storyboard; sourceTree = "<group>"; };
		019941CF233606F90045FDE9 /* Info.plist */ = {isa = PBXFileReference; lastKnownFileType = text.plist.xml; path = Info.plist; sourceTree = "<group>"; };
		019941D0233606F90045FDE9 /* AppUpdaterTest.entitlements */ = {isa = PBXFileReference; lastKnownFileType = text.plist.entitlements; path = AppUpdaterTest.entitlements; sourceTree = "<group>"; };
/* End PBXFileReference section */

/* Begin PBXFrameworksBuildPhase section */
		019941BD233606F70045FDE9 /* Frameworks */ = {
			isa = PBXFrameworksBuildPhase;
			buildActionMask = 2147483647;
			files = (
				019941D8233608560045FDE9 /* AppUpdater in Frameworks */,
			);
			runOnlyForDeploymentPostprocessing = 0;
		};
/* End PBXFrameworksBuildPhase section */

/* Begin PBXGroup section */
		019941B7233606F70045FDE9 = {
			isa = PBXGroup;
			children = (
				019941C2233606F70045FDE9 /* AppUpdaterTest */,
				019941C1233606F70045FDE9 /* Products */,
			);
			sourceTree = "<group>";
		};
		019941C1233606F70045FDE9 /* Products */ = {
			isa = PBXGroup;
			children = (
				019941C0233606F70045FDE9 /* AppUpdaterTest.app */,
			);
			name = Products;
			sourceTree = "<group>";
		};
		019941C2233606F70045FDE9 /* AppUpdaterTest */ = {
			isa = PBXGroup;
			children = (
				019941C3233606F70045FDE9 /* AppDelegate.swift */,
				019941C5233606F70045FDE9 /* ContentView.swift */,
				019941C7233606F90045FDE9 /* Assets.xcassets */,
				019941CC233606F90045FDE9 /* Main.storyboard */,
				019941CF233606F90045FDE9 /* Info.plist */,
				019941D0233606F90045FDE9 /* AppUpdaterTest.entitlements */,
				019941C9233606F90045FDE9 /* Preview Content */,
			);
			path = AppUpdaterTest;
			sourceTree = "<group>";
		};
		019941C9233606F90045FDE9 /* Preview Content */ = {
			isa = PBXGroup;
			children = (
				019941CA233606F90045FDE9 /* Preview Assets.xcassets */,
			);
			path = "Preview Content";
			sourceTree = "<group>";
		};
/* End PBXGroup section */

/* Begin PBXNativeTarget section */
		019941BF233606F70045FDE9 /* AppUpdaterTest */ = {
			isa = PBXNativeTarget;
			buildConfigurationList = 019941D3233606F90045FDE9 /* Build configuration list for PBXNativeTarget "AppUpdaterTest" */;
			buildPhases = (
				019941BC233606F70045FDE9 /* Sources */,
				019941BD233606F70045FDE9 /* Frameworks */,
				019941BE233606F70045FDE9 /* Resources */,
			);
			buildRules = (
			);
			dependencies = (
			);
			name = AppUpdaterTest;
			packageProductDependencies = (
				019941D7233608560045FDE9 /* AppUpdater */,
			);
			productName = AppUpdaterTest;
			productReference = 019941C0233606F70045FDE9 /* AppUpdaterTest.app */;
			productType = "com.apple.product-type.application";
		};
/* End PBXNativeTarget section */

/* Begin PBXProject section */
		019941B8233606F70045FDE9 /* Project object */ = {
			isa = PBXProject;
			attributes = {
				LastSwiftUpdateCheck = 1100;
				LastUpgradeCheck = 1100;
				ORGANIZATIONNAME = xjbeta;
				TargetAttributes = {
					019941BF233606F70045FDE9 = {
						CreatedOnToolsVersion = 11.0;
					};
				};
			};
			buildConfigurationList = 019941BB233606F70045FDE9 /* Build configuration list for PBXProject "AppUpdaterTest" */;
			compatibilityVersion = "Xcode 9.3";
			developmentRegion = en;
			hasScannedForEncodings = 0;
			knownRegions = (
				en,
				Base,
			);
			mainGroup = 019941B7233606F70045FDE9;
			packageReferences = (
				019941D6233608560045FDE9 /* XCRemoteSwiftPackageReference "AppUpdater" */,
			);
			productRefGroup = 019941C1233606F70045FDE9 /* Products */;
			projectDirPath = "";
			projectRoot = "";
			targets = (
				019941BF233606F70045FDE9 /* AppUpdaterTest */,
			);
		};
/* End PBXProject section */

/* Begin PBXResourcesBuildPhase section */
		019941BE233606F70045FDE9 /* Resources */ = {
			isa = PBXResourcesBuildPhase;
			buildActionMask = 2147483647;
			files = (
				019941CE233606F90045FDE9 /* Main.storyboard in Resources */,
				019941CB233606F90045FDE9 /* Preview Assets.xcassets in Resources */,
				019941C8233606F90045FDE9 /* Assets.xcassets in Resources */,
			);
			runOnlyForDeploymentPostprocessing = 0;
		};
/* End PBXResourcesBuildPhase section */

/* Begin PBXSourcesBuildPhase section */
		019941BC233606F70045FDE9 /* Sources */ = {
			isa = PBXSourcesBuildPhase;
			buildActionMask = 2147483647;
			files = (
				019941C6233606F70045FDE9 /* ContentView.swift in Sources */,
				019941C4233606F70045FDE9 /* AppDelegate.swift in Sources */,
			);
			runOnlyForDeploymentPostprocessing = 0;
		};
/* End PBXSourcesBuildPhase section */

/* Begin PBXVariantGroup section */
		019941CC233606F90045FDE9 /* Main.storyboard */ = {
			isa = PBXVariantGroup;
			children = (
				019941CD233606F90045FDE9 /* Base */,
			);
			name = Main.storyboard;
			sourceTree = "<group>";
		};
/* End PBXVariantGroup section */

/* Begin XCBuildConfiguration section */
		019941D1233606F90045FDE9 /* Debug */ = {
			isa = XCBuildConfiguration;
			buildSettings = {
				ALWAYS_SEARCH_USER_PATHS = NO;
				CLANG_ANALYZER_NONNULL = YES;
				CLANG_ANALYZER_NUMBER_OBJECT_CONVERSION = YES_AGGRESSIVE;
				CLANG_CXX_LANGUAGE_STANDARD = "gnu++14";
				CLANG_CXX_LIBRARY = "libc++";
				CLANG_ENABLE_MODULES = YES;
				CLANG_ENABLE_OBJC_ARC = YES;
				CLANG_ENABLE_OBJC_WEAK = YES;
				CLANG_WARN_BLOCK_CAPTURE_AUTORELEASING = YES;
				CLANG_WARN_BOOL_CONVERSION = YES;
				CLANG_WARN_COMMA = YES;
				CLANG_WARN_CONSTANT_CONVERSION = YES;
				CLANG_WARN_DEPRECATED_OBJC_IMPLEMENTATIONS = YES;
				CLANG_WARN_DIRECT_OBJC_ISA_USAGE = YES_ERROR;
				CLANG_WARN_DOCUMENTATION_COMMENTS = YES;
				CLANG_WARN_EMPTY_BODY = YES;
				CLANG_WARN_ENUM_CONVERSION = YES;
				CLANG_WARN_INFINITE_RECURSION = YES;
				CLANG_WARN_INT_CONVERSION = YES;
				CLANG_WARN_NON_LITERAL_NULL_CONVERSION = YES;
				CLANG_WARN_OBJC_IMPLICIT_RETAIN_SELF = YES;
				CLANG_WARN_OBJC_LITERAL_CONVERSION = YES;
				CLANG_WARN_OBJC_ROOT_CLASS = YES_ERROR;
				CLANG_WARN_RANGE_LOOP_ANALYSIS = YES;
				CLANG_WARN_STRICT_PROTOTYPES = YES;
				CLANG_WARN_SUSPICIOUS_MOVE = YES;
				CLANG_WARN_UNGUARDED_AVAILABILITY = YES_AGGRESSIVE;
				CLANG_WARN_UNREACHABLE_CODE = YES;
				CLANG_WARN__DUPLICATE_METHOD_MATCH = YES;
				COPY_PHASE_STRIP = NO;
				DEBUG_INFORMATION_FORMAT = dwarf;
				ENABLE_STRICT_OBJC_MSGSEND = YES;
				ENABLE_TESTABILITY = YES;
				GCC_C_LANGUAGE_STANDARD = gnu11;
				GCC_DYNAMIC_NO_PIC = NO;
				GCC_NO_COMMON_BLOCKS = YES;
				GCC_OPTIMIZATION_LEVEL = 0;
				GCC_PREPROCESSOR_DEFINITIONS = (
					"DEBUG=1",
					"$(inherited)",
				);
				GCC_WARN_64_TO_32_BIT_CONVERSION = YES;
				GCC_WARN_ABOUT_RETURN_TYPE = YES_ERROR;
				GCC_WARN_UNDECLARED_SELECTOR = YES;
				GCC_WARN_UNINITIALIZED_AUTOS = YES_AGGRESSIVE;
				GCC_WARN_UNUSED_FUNCTION = YES;
				GCC_WARN_UNUSED_VARIABLE = YES;
				MACOSX_DEPLOYMENT_TARGET = 10.14;
				MTL_ENABLE_DEBUG_INFO = INCLUDE_SOURCE;
				MTL_FAST_MATH = YES;
				ONLY_ACTIVE_ARCH = YES;
				SDKROOT = macosx;
				SWIFT_ACTIVE_COMPILATION_CONDITIONS = DEBUG;
				SWIFT_OPTIMIZATION_LEVEL = "-Onone";
			};
			name = Debug;
		};
		019941D2233606F90045FDE9 /* Release */ = {
			isa = XCBuildConfiguration;
			buildSettings = {
				ALWAYS_SEARCH_USER_PATHS = NO;
				CLANG_ANALYZER_NONNULL = YES;
				CLANG_ANALYZER_NUMBER_OBJECT_CONVERSION = YES_AGGRESSIVE;
				CLANG_CXX_LANGUAGE_STANDARD = "gnu++14";
				CLANG_CXX_LIBRARY = "libc++";
				CLANG_ENABLE_MODULES = YES;
				CLANG_ENABLE_OBJC_ARC = YES;
				CLANG_ENABLE_OBJC_WEAK = YES;
				CLANG_WARN_BLOCK_CAPTURE_AUTORELEASING = YES;
				CLANG_WARN_BOOL_CONVERSION = YES;
				CLANG_WARN_COMMA = YES;
				CLANG_WARN_CONSTANT_CONVERSION = YES;
				CLANG_WARN_DEPRECATED_OBJC_IMPLEMENTATIONS = YES;
				CLANG_WARN_DIRECT_OBJC_ISA_USAGE = YES_ERROR;
				CLANG_WARN_DOCUMENTATION_COMMENTS = YES;
				CLANG_WARN_EMPTY_BODY = YES;
				CLANG_WARN_ENUM_CONVERSION = YES;
				CLANG_WARN_INFINITE_RECURSION = YES;
				CLANG_WARN_INT_CONVERSION = YES;
				CLANG_WARN_NON_LITERAL_NULL_CONVERSION = YES;
				CLANG_WARN_OBJC_IMPLICIT_RETAIN_SELF = YES;
				CLANG_WARN_OBJC_LITERAL_CONVERSION = YES;
				CLANG_WARN_OBJC_ROOT_CLASS = YES_ERROR;
				CLANG_WARN_RANGE_LOOP_ANALYSIS = YES;
				CLANG_WARN_STRICT_PROTOTYPES = YES;
				CLANG_WARN_SUSPICIOUS_MOVE = YES;
				CLANG_WARN_UNGUARDED_AVAILABILITY = YES_AGGRESSIVE;
				CLANG_WARN_UNREACHABLE_CODE = YES;
				CLANG_WARN__DUPLICATE_METHOD_MATCH = YES;
				COPY_PHASE_STRIP = NO;
				DEBUG_INFORMATION_FORMAT = "dwarf-with-dsym";
				ENABLE_NS_ASSERTIONS = NO;
				ENABLE_STRICT_OBJC_MSGSEND = YES;
				GCC_C_LANGUAGE_STANDARD = gnu11;
				GCC_NO_COMMON_BLOCKS = YES;
				GCC_WARN_64_TO_32_BIT_CONVERSION = YES;
				GCC_WARN_ABOUT_RETURN_TYPE = YES_ERROR;
				GCC_WARN_UNDECLARED_SELECTOR = YES;
				GCC_WARN_UNINITIALIZED_AUTOS = YES_AGGRESSIVE;
				GCC_WARN_UNUSED_FUNCTION = YES;
				GCC_WARN_UNUSED_VARIABLE = YES;
				MACOSX_DEPLOYMENT_TARGET = 10.14;
				MTL_ENABLE_DEBUG_INFO = NO;
				MTL_FAST_MATH = YES;
				SDKROOT = macosx;
				SWIFT_COMPILATION_MODE = wholemodule;
				SWIFT_OPTIMIZATION_LEVEL = "-O";
			};
			name = Release;
		};
		019941D4233606F90045FDE9 /* Debug */ = {
			isa = XCBuildConfiguration;
			buildSettings = {
				ASSETCATALOG_COMPILER_APPICON_NAME = AppIcon;
				CODE_SIGN_ENTITLEMENTS = AppUpdaterTest/AppUpdaterTest.entitlements;
				CODE_SIGN_STYLE = Automatic;
				COMBINE_HIDPI_IMAGES = YES;
				DEVELOPMENT_ASSET_PATHS = "\"AppUpdaterTest/Preview Content\"";
				ENABLE_PREVIEWS = YES;
				INFOPLIST_FILE = AppUpdaterTest/Info.plist;
				LD_RUNPATH_SEARCH_PATHS = (
					"$(inherited)",
					"@executable_path/../Frameworks",
				);
				MACOSX_DEPLOYMENT_TARGET = 10.15;
				PRODUCT_BUNDLE_IDENTIFIER = com.xjbeta.AppUpdaterTest;
				PRODUCT_NAME = "$(TARGET_NAME)";
				SWIFT_VERSION = 5.0;
			};
			name = Debug;
		};
		019941D5233606F90045FDE9 /* Release */ = {
			isa = XCBuildConfiguration;
			buildSettings = {
				ASSETCATALOG_COMPILER_APPICON_NAME = AppIcon;
				CODE_SIGN_ENTITLEMENTS = AppUpdaterTest/AppUpdaterTest.entitlements;
				CODE_SIGN_STYLE = Automatic;
				COMBINE_HIDPI_IMAGES = YES;
				DEVELOPMENT_ASSET_PATHS = "\"AppUpdaterTest/Preview Content\"";
				ENABLE_PREVIEWS = YES;
				INFOPLIST_FILE = AppUpdaterTest/Info.plist;
				LD_RUNPATH_SEARCH_PATHS = (
					"$(inherited)",
					"@executable_path/../Frameworks",
				);
				MACOSX_DEPLOYMENT_TARGET = 10.15;
				PRODUCT_BUNDLE_IDENTIFIER = com.xjbeta.AppUpdaterTest;
				PRODUCT_NAME = "$(TARGET_NAME)";
				SWIFT_VERSION = 5.0;
			};
			name = Release;
		};
/* End XCBuildConfiguration section */

/* Begin XCConfigurationList section */
		019941BB233606F70045FDE9 /* Build configuration list for PBXProject "AppUpdaterTest" */ = {
			isa = XCConfigurationList;
			buildConfigurations = (
				019941D1233606F90045FDE9 /* Debug */,
				019941D2233606F90045FDE9 /* Release */,
			);
			defaultConfigurationIsVisible = 0;
			defaultConfigurationName = Release;
		};
		019941D3233606F90045FDE9 /* Build configuration list for PBXNativeTarget "AppUpdaterTest" */ = {
			isa = XCConfigurationList;
			buildConfigurations = (
				019941D4233606F90045FDE9 /* Debug */,
				019941D5233606F90045FDE9 /* Release */,
			);
			defaultConfigurationIsVisible = 0;
			defaultConfigurationName = Release;
		};
/* End XCConfigurationList section */

/* Begin XCRemoteSwiftPackageReference section */
		019941D6233608560045FDE9 /* XCRemoteSwiftPackageReference "AppUpdater" */ = {
			isa = XCRemoteSwiftPackageReference;
			repositoryURL = "https://github.com/mxcl/AppUpdater";
			requirement = {
				kind = upToNextMajorVersion;
				minimumVersion = 1.1.0;
			};
		};
/* End XCRemoteSwiftPackageReference section */

/* Begin XCSwiftPackageProductDependency section */
		019941D7233608560045FDE9 /* AppUpdater */ = {
			isa = XCSwiftPackageProductDependency;
			package = 019941D6233608560045FDE9 /* XCRemoteSwiftPackageReference "AppUpdater" */;
			productName = AppUpdater;
		};
/* End XCSwiftPackageProductDependency section */
	};
	rootObject = 019941B8233606F70045FDE9 /* Project object */;
}
